{
  "name": "tool-msgs-proxy",
  "version": "1.0.0",
  "lockfileVersion": 1,
  "requires": true,
  "dependencies": {
    "amqp": {
      "version": "0.2.6",
      "resolved": "https://registry.npmjs.org/amqp/-/amqp-0.2.6.tgz",
      "integrity": "sha1-2X/uUUMCb6C0/WpdVkhfBEjrN8o=",
      "requires": {
        "lodash": "4.17.4"
      }
    },
    "extend": {
      "version": "3.0.1",
      "resolved": "https://registry.npmjs.org/extend/-/extend-3.0.1.tgz",
      "integrity": "sha1-p1Xqe8Gt/MWjHOfnYtuq3F5jZEQ="
    },
    "lodash": {
      "version": "4.17.4",
      "resolved": "https://registry.npmjs.org/lodash/-/lodash-4.17.4.tgz",
      "integrity": "sha1-eCA6TRwyiuHYbcpkYONptX9AVa4="
    }
  }
}
